
Microsoft Visual Studio Solution File, Format Version 12.00
# Visual Studio 14
VisualStudioVersion = 14.0.25420.1
MinimumVisualStudioVersion = 10.0.40219.1
Project("{2150E333-8FDC-42A3-9474-1A3956D46DE8}") = "AsyncAwait", "AsyncAwait", "{3CFB11A3-FBAF-441A-B4EA-621E8E1D09FE}"
EndProject
Project("{FAE04EC0-301F-11D3-BF4B-00C04F79EFBC}") = "HttpGetApp", "AsyncAwait\HttpGetApp\HttpGetApp.csproj", "{BDACF1E6-BCCF-4410-B7BA-0D382D037550}"
EndProject
Global
	GlobalSection(SolutionConfigurationPlatforms) = preSolution
		Debug|Any CPU = Debug|Any CPU
		Release|Any CPU = Release|Any CPU
	EndGlobalSection
	GlobalSection(ProjectConfigurationPlatforms) = postSolution
		{BDACF1E6-BCCF-4410-B7BA-0D382D037550}.Debug|Any CPU.ActiveCfg = Debug|Any CPU
		{BDACF1E6-BCCF-4410-B7BA-0D382D037550}.Debug|Any CPU.Build.0 = Debug|Any CPU
		{BDACF1E6-BCCF-4410-B7BA-0D382D037550}.Release|Any CPU.ActiveCfg = Release|Any CPU
		{BDACF1E6-BCCF-4410-B7BA-0D382D037550}.Release|Any CPU.Build.0 = Release|Any CPU
	EndGlobalSection
	GlobalSection(SolutionProperties) = preSolution
		HideSolutionNode = FALSE
	EndGlobalSection
	GlobalSection(NestedProjects) = preSolution
		{BDACF1E6-BCCF-4410-B7BA-0D382D037550} = {3CFB11A3-FBAF-441A-B4EA-621E8E1D09FE}
	EndGlobalSection
EndGlobal
