
Microsoft Visual Studio Solution File, Format Version 12.00
# Visual Studio 14
VisualStudioVersion = 14.0.25420.1
MinimumVisualStudioVersion = 10.0.40219.1
Project("{2150E333-8FDC-42A3-9474-1A3956D46DE8}") = "AsyncAwait", "AsyncAwait", "{3CFB11A3-FBAF-441A-B4EA-621E8E1D09FE}"
EndProject
Project("{FAE04EC0-301F-11D3-BF4B-00C04F79EFBC}") = "HttpGetApp", "AsyncAwait\HttpGetApp\HttpGetApp.csproj", "{BDACF1E6-BCCF-4410-B7BA-0D382D037550}"
EndProject
Project("{2150E333-8FDC-42A3-9474-1A3956D46DE8}") = "LINQ", "LINQ", "{F3B637F2-7223-4F85-82BA-5AE2B9530030}"
EndProject
Project("{FAE04EC0-301F-11D3-BF4B-00C04F79EFBC}") = "TodoListWebApp", "LINQ\TodoListWebApp\TodoListWebApp.csproj", "{7C9C6072-157D-4940-9404-F57C4BD31574}"
EndProject
Project("{2150E333-8FDC-42A3-9474-1A3956D46DE8}") = "NativeCrossPlatform", "NativeCrossPlatform", "{88C82004-EF18-4070-8023-E51F66A37E68}"
EndProject
Project("{FAE04EC0-301F-11D3-BF4B-00C04F79EFBC}") = "NativeCrossPlatform", "NativeCrossPlatform\NativeCrossPlatform\NativeCrossPlatform.csproj", "{081D05FA-5CD8-45D1-849A-8C7ABC7607A5}"
EndProject
Project("{FAE04EC0-301F-11D3-BF4B-00C04F79EFBC}") = "NativeCrossPlatform.iOS", "NativeCrossPlatform\iOS\NativeCrossPlatform.iOS.csproj", "{59921082-32E6-47E3-82C6-3F0BDEF3A479}"
EndProject
Project("{FAE04EC0-301F-11D3-BF4B-00C04F79EFBC}") = "NativeCrossPlatform.Droid", "NativeCrossPlatform\Droid\NativeCrossPlatform.Droid.csproj", "{9A71ACAA-679A-47C8-A3D1-8657CF2AFE62}"
EndProject
Project("{FAE04EC0-301F-11D3-BF4B-00C04F79EFBC}") = "NativeCrossPlatform.UITests", "NativeCrossPlatform\UITests\NativeCrossPlatform.UITests.csproj", "{D6059148-F8DD-4CFE-AAC5-F714C0272C4B}"
EndProject
Project("{2150E333-8FDC-42A3-9474-1A3956D46DE8}") = "DelegatesAndEvents", "DelegatesAndEvents", "{84E3BEFA-9ABD-4706-9B70-4EA1E7A5F9C1}"
EndProject
Project("{FAE04EC0-301F-11D3-BF4B-00C04F79EFBC}") = "ForEachMethod", "DelegatesAndEvents\ForEachMethod\ForEachMethod.csproj", "{0E53A419-020C-4D3F-BE6F-0C2D8308EA57}"
EndProject
Project("{FAE04EC0-301F-11D3-BF4B-00C04F79EFBC}") = "ObservableObject", "DelegatesAndEvents\ObservableObject\ObservableObject.csproj", "{5924E8CA-1A0F-42E6-92F3-F8A9C817AAD4}"
EndProject
Project("{2150E333-8FDC-42A3-9474-1A3956D46DE8}") = "FormsCrossPlatform", "FormsCrossPlatform", "{C72FE9DD-76D8-4675-BEBE-6B849A37942B}"
EndProject
Project("{FAE04EC0-301F-11D3-BF4B-00C04F79EFBC}") = "FormsCrossPlatform", "FormsCrossPlatform\FormsCrossPlatform\FormsCrossPlatform.csproj", "{0F58F80E-B664-4B30-B25A-2F4FB0E47BEC}"
EndProject
Project("{FAE04EC0-301F-11D3-BF4B-00C04F79EFBC}") = "FormsCrossPlatform.iOS", "FormsCrossPlatform\FormsCrossPlatform.iOS\FormsCrossPlatform.iOS.csproj", "{005A8508-82A1-4CD5-8FE1-A1E77796875C}"
EndProject
Project("{2150E333-8FDC-42A3-9474-1A3956D46DE8}") = "DependencyInversion", "DependencyInversion", "{EA82F522-95E6-49A2-B0F7-A5D375448B5B}"
EndProject
Project("{FAE04EC0-301F-11D3-BF4B-00C04F79EFBC}") = "BatteryChecker", "DependencyInversion\BatteryChecker\BatteryChecker.csproj", "{402ECA89-240B-4083-944B-213BD1D7E1BE}"
EndProject
Project("{FAE04EC0-301F-11D3-BF4B-00C04F79EFBC}") = "BatteryChecker.iOS", "DependencyInversion\BatteryChecker.iOS\BatteryChecker.iOS.csproj", "{C0358A84-BC65-4730-82AB-E65C1302E955}"
EndProject
Global
	GlobalSection(SolutionConfigurationPlatforms) = preSolution
		Ad-Hoc|Any CPU = Ad-Hoc|Any CPU
		Ad-Hoc|iPhone = Ad-Hoc|iPhone
		Ad-Hoc|iPhoneSimulator = Ad-Hoc|iPhoneSimulator
		AppStore|Any CPU = AppStore|Any CPU
		AppStore|iPhone = AppStore|iPhone
		AppStore|iPhoneSimulator = AppStore|iPhoneSimulator
		Debug|Any CPU = Debug|Any CPU
		Debug|iPhone = Debug|iPhone
		Debug|iPhoneSimulator = Debug|iPhoneSimulator
		Release|Any CPU = Release|Any CPU
		Release|iPhone = Release|iPhone
		Release|iPhoneSimulator = Release|iPhoneSimulator
	EndGlobalSection
	GlobalSection(ProjectConfigurationPlatforms) = postSolution
		{BDACF1E6-BCCF-4410-B7BA-0D382D037550}.Ad-Hoc|Any CPU.ActiveCfg = Release|Any CPU
		{BDACF1E6-BCCF-4410-B7BA-0D382D037550}.Ad-Hoc|Any CPU.Build.0 = Release|Any CPU
		{BDACF1E6-BCCF-4410-B7BA-0D382D037550}.Ad-Hoc|iPhone.ActiveCfg = Release|Any CPU
		{BDACF1E6-BCCF-4410-B7BA-0D382D037550}.Ad-Hoc|iPhone.Build.0 = Release|Any CPU
		{BDACF1E6-BCCF-4410-B7BA-0D382D037550}.Ad-Hoc|iPhoneSimulator.ActiveCfg = Release|Any CPU
		{BDACF1E6-BCCF-4410-B7BA-0D382D037550}.Ad-Hoc|iPhoneSimulator.Build.0 = Release|Any CPU
		{BDACF1E6-BCCF-4410-B7BA-0D382D037550}.AppStore|Any CPU.ActiveCfg = Release|Any CPU
		{BDACF1E6-BCCF-4410-B7BA-0D382D037550}.AppStore|Any CPU.Build.0 = Release|Any CPU
		{BDACF1E6-BCCF-4410-B7BA-0D382D037550}.AppStore|iPhone.ActiveCfg = Release|Any CPU
		{BDACF1E6-BCCF-4410-B7BA-0D382D037550}.AppStore|iPhone.Build.0 = Release|Any CPU
		{BDACF1E6-BCCF-4410-B7BA-0D382D037550}.AppStore|iPhoneSimulator.ActiveCfg = Release|Any CPU
		{BDACF1E6-BCCF-4410-B7BA-0D382D037550}.AppStore|iPhoneSimulator.Build.0 = Release|Any CPU
		{BDACF1E6-BCCF-4410-B7BA-0D382D037550}.Debug|Any CPU.ActiveCfg = Debug|Any CPU
		{BDACF1E6-BCCF-4410-B7BA-0D382D037550}.Debug|Any CPU.Build.0 = Debug|Any CPU
		{BDACF1E6-BCCF-4410-B7BA-0D382D037550}.Debug|iPhone.ActiveCfg = Debug|Any CPU
		{BDACF1E6-BCCF-4410-B7BA-0D382D037550}.Debug|iPhone.Build.0 = Debug|Any CPU
		{BDACF1E6-BCCF-4410-B7BA-0D382D037550}.Debug|iPhoneSimulator.ActiveCfg = Debug|Any CPU
		{BDACF1E6-BCCF-4410-B7BA-0D382D037550}.Debug|iPhoneSimulator.Build.0 = Debug|Any CPU
		{BDACF1E6-BCCF-4410-B7BA-0D382D037550}.Release|Any CPU.ActiveCfg = Release|Any CPU
		{BDACF1E6-BCCF-4410-B7BA-0D382D037550}.Release|Any CPU.Build.0 = Release|Any CPU
		{BDACF1E6-BCCF-4410-B7BA-0D382D037550}.Release|iPhone.ActiveCfg = Release|Any CPU
		{BDACF1E6-BCCF-4410-B7BA-0D382D037550}.Release|iPhone.Build.0 = Release|Any CPU
		{BDACF1E6-BCCF-4410-B7BA-0D382D037550}.Release|iPhoneSimulator.ActiveCfg = Release|Any CPU
		{BDACF1E6-BCCF-4410-B7BA-0D382D037550}.Release|iPhoneSimulator.Build.0 = Release|Any CPU
		{7C9C6072-157D-4940-9404-F57C4BD31574}.Ad-Hoc|Any CPU.ActiveCfg = Release|Any CPU
		{7C9C6072-157D-4940-9404-F57C4BD31574}.Ad-Hoc|Any CPU.Build.0 = Release|Any CPU
		{7C9C6072-157D-4940-9404-F57C4BD31574}.Ad-Hoc|iPhone.ActiveCfg = Release|Any CPU
		{7C9C6072-157D-4940-9404-F57C4BD31574}.Ad-Hoc|iPhone.Build.0 = Release|Any CPU
		{7C9C6072-157D-4940-9404-F57C4BD31574}.Ad-Hoc|iPhoneSimulator.ActiveCfg = Release|Any CPU
		{7C9C6072-157D-4940-9404-F57C4BD31574}.Ad-Hoc|iPhoneSimulator.Build.0 = Release|Any CPU
		{7C9C6072-157D-4940-9404-F57C4BD31574}.AppStore|Any CPU.ActiveCfg = Release|Any CPU
		{7C9C6072-157D-4940-9404-F57C4BD31574}.AppStore|Any CPU.Build.0 = Release|Any CPU
		{7C9C6072-157D-4940-9404-F57C4BD31574}.AppStore|iPhone.ActiveCfg = Release|Any CPU
		{7C9C6072-157D-4940-9404-F57C4BD31574}.AppStore|iPhone.Build.0 = Release|Any CPU
		{7C9C6072-157D-4940-9404-F57C4BD31574}.AppStore|iPhoneSimulator.ActiveCfg = Release|Any CPU
		{7C9C6072-157D-4940-9404-F57C4BD31574}.AppStore|iPhoneSimulator.Build.0 = Release|Any CPU
		{7C9C6072-157D-4940-9404-F57C4BD31574}.Debug|Any CPU.ActiveCfg = Debug|Any CPU
		{7C9C6072-157D-4940-9404-F57C4BD31574}.Debug|Any CPU.Build.0 = Debug|Any CPU
		{7C9C6072-157D-4940-9404-F57C4BD31574}.Debug|iPhone.ActiveCfg = Debug|Any CPU
		{7C9C6072-157D-4940-9404-F57C4BD31574}.Debug|iPhone.Build.0 = Debug|Any CPU
		{7C9C6072-157D-4940-9404-F57C4BD31574}.Debug|iPhoneSimulator.ActiveCfg = Debug|Any CPU
		{7C9C6072-157D-4940-9404-F57C4BD31574}.Debug|iPhoneSimulator.Build.0 = Debug|Any CPU
		{7C9C6072-157D-4940-9404-F57C4BD31574}.Release|Any CPU.ActiveCfg = Release|Any CPU
		{7C9C6072-157D-4940-9404-F57C4BD31574}.Release|Any CPU.Build.0 = Release|Any CPU
		{7C9C6072-157D-4940-9404-F57C4BD31574}.Release|iPhone.ActiveCfg = Release|Any CPU
		{7C9C6072-157D-4940-9404-F57C4BD31574}.Release|iPhone.Build.0 = Release|Any CPU
		{7C9C6072-157D-4940-9404-F57C4BD31574}.Release|iPhoneSimulator.ActiveCfg = Release|Any CPU
		{7C9C6072-157D-4940-9404-F57C4BD31574}.Release|iPhoneSimulator.Build.0 = Release|Any CPU
		{081D05FA-5CD8-45D1-849A-8C7ABC7607A5}.Ad-Hoc|Any CPU.ActiveCfg = Release|Any CPU
		{081D05FA-5CD8-45D1-849A-8C7ABC7607A5}.Ad-Hoc|iPhone.ActiveCfg = Release|Any CPU
		{081D05FA-5CD8-45D1-849A-8C7ABC7607A5}.Ad-Hoc|iPhoneSimulator.ActiveCfg = Release|Any CPU
		{081D05FA-5CD8-45D1-849A-8C7ABC7607A5}.AppStore|Any CPU.ActiveCfg = Release|Any CPU
		{081D05FA-5CD8-45D1-849A-8C7ABC7607A5}.AppStore|iPhone.ActiveCfg = Release|Any CPU
		{081D05FA-5CD8-45D1-849A-8C7ABC7607A5}.AppStore|iPhoneSimulator.ActiveCfg = Release|Any CPU
		{081D05FA-5CD8-45D1-849A-8C7ABC7607A5}.Debug|Any CPU.ActiveCfg = Debug|Any CPU
		{081D05FA-5CD8-45D1-849A-8C7ABC7607A5}.Debug|Any CPU.Build.0 = Debug|Any CPU
		{081D05FA-5CD8-45D1-849A-8C7ABC7607A5}.Debug|iPhone.ActiveCfg = Debug|Any CPU
		{081D05FA-5CD8-45D1-849A-8C7ABC7607A5}.Debug|iPhone.Build.0 = Debug|Any CPU
		{081D05FA-5CD8-45D1-849A-8C7ABC7607A5}.Debug|iPhoneSimulator.ActiveCfg = Debug|Any CPU
		{081D05FA-5CD8-45D1-849A-8C7ABC7607A5}.Debug|iPhoneSimulator.Build.0 = Debug|Any CPU
		{081D05FA-5CD8-45D1-849A-8C7ABC7607A5}.Release|Any CPU.ActiveCfg = Release|Any CPU
		{081D05FA-5CD8-45D1-849A-8C7ABC7607A5}.Release|Any CPU.Build.0 = Release|Any CPU
		{081D05FA-5CD8-45D1-849A-8C7ABC7607A5}.Release|iPhone.ActiveCfg = Release|Any CPU
		{081D05FA-5CD8-45D1-849A-8C7ABC7607A5}.Release|iPhone.Build.0 = Release|Any CPU
		{081D05FA-5CD8-45D1-849A-8C7ABC7607A5}.Release|iPhoneSimulator.ActiveCfg = Release|Any CPU
		{081D05FA-5CD8-45D1-849A-8C7ABC7607A5}.Release|iPhoneSimulator.Build.0 = Release|Any CPU
		{59921082-32E6-47E3-82C6-3F0BDEF3A479}.Ad-Hoc|Any CPU.ActiveCfg = Release|iPhoneSimulator
		{59921082-32E6-47E3-82C6-3F0BDEF3A479}.Ad-Hoc|iPhone.ActiveCfg = Release|iPhone
		{59921082-32E6-47E3-82C6-3F0BDEF3A479}.Ad-Hoc|iPhoneSimulator.ActiveCfg = Release|iPhoneSimulator
		{59921082-32E6-47E3-82C6-3F0BDEF3A479}.AppStore|Any CPU.ActiveCfg = Release|iPhoneSimulator
		{59921082-32E6-47E3-82C6-3F0BDEF3A479}.AppStore|iPhone.ActiveCfg = Release|iPhone
		{59921082-32E6-47E3-82C6-3F0BDEF3A479}.AppStore|iPhoneSimulator.ActiveCfg = Release|iPhoneSimulator
		{59921082-32E6-47E3-82C6-3F0BDEF3A479}.Debug|Any CPU.ActiveCfg = Debug|iPhoneSimulator
		{59921082-32E6-47E3-82C6-3F0BDEF3A479}.Debug|Any CPU.Build.0 = Debug|iPhoneSimulator
		{59921082-32E6-47E3-82C6-3F0BDEF3A479}.Debug|iPhone.ActiveCfg = Debug|iPhone
		{59921082-32E6-47E3-82C6-3F0BDEF3A479}.Debug|iPhone.Build.0 = Debug|iPhone
		{59921082-32E6-47E3-82C6-3F0BDEF3A479}.Debug|iPhoneSimulator.ActiveCfg = Debug|iPhoneSimulator
		{59921082-32E6-47E3-82C6-3F0BDEF3A479}.Debug|iPhoneSimulator.Build.0 = Debug|iPhoneSimulator
		{59921082-32E6-47E3-82C6-3F0BDEF3A479}.Release|Any CPU.ActiveCfg = Release|iPhone
		{59921082-32E6-47E3-82C6-3F0BDEF3A479}.Release|Any CPU.Build.0 = Release|iPhone
		{59921082-32E6-47E3-82C6-3F0BDEF3A479}.Release|iPhone.ActiveCfg = Release|iPhone
		{59921082-32E6-47E3-82C6-3F0BDEF3A479}.Release|iPhone.Build.0 = Release|iPhone
		{59921082-32E6-47E3-82C6-3F0BDEF3A479}.Release|iPhoneSimulator.ActiveCfg = Release|iPhoneSimulator
		{59921082-32E6-47E3-82C6-3F0BDEF3A479}.Release|iPhoneSimulator.Build.0 = Release|iPhoneSimulator
		{9A71ACAA-679A-47C8-A3D1-8657CF2AFE62}.Ad-Hoc|Any CPU.ActiveCfg = Release|Any CPU
		{9A71ACAA-679A-47C8-A3D1-8657CF2AFE62}.Ad-Hoc|iPhone.ActiveCfg = Release|Any CPU
		{9A71ACAA-679A-47C8-A3D1-8657CF2AFE62}.Ad-Hoc|iPhoneSimulator.ActiveCfg = Release|Any CPU
		{9A71ACAA-679A-47C8-A3D1-8657CF2AFE62}.AppStore|Any CPU.ActiveCfg = Release|Any CPU
		{9A71ACAA-679A-47C8-A3D1-8657CF2AFE62}.AppStore|iPhone.ActiveCfg = Release|Any CPU
		{9A71ACAA-679A-47C8-A3D1-8657CF2AFE62}.AppStore|iPhoneSimulator.ActiveCfg = Release|Any CPU
		{9A71ACAA-679A-47C8-A3D1-8657CF2AFE62}.Debug|Any CPU.ActiveCfg = Debug|Any CPU
		{9A71ACAA-679A-47C8-A3D1-8657CF2AFE62}.Debug|Any CPU.Build.0 = Debug|Any CPU
		{9A71ACAA-679A-47C8-A3D1-8657CF2AFE62}.Debug|iPhone.ActiveCfg = Debug|Any CPU
		{9A71ACAA-679A-47C8-A3D1-8657CF2AFE62}.Debug|iPhone.Build.0 = Debug|Any CPU
		{9A71ACAA-679A-47C8-A3D1-8657CF2AFE62}.Debug|iPhoneSimulator.ActiveCfg = Debug|Any CPU
		{9A71ACAA-679A-47C8-A3D1-8657CF2AFE62}.Debug|iPhoneSimulator.Build.0 = Debug|Any CPU
		{9A71ACAA-679A-47C8-A3D1-8657CF2AFE62}.Release|Any CPU.ActiveCfg = Release|Any CPU
		{9A71ACAA-679A-47C8-A3D1-8657CF2AFE62}.Release|Any CPU.Build.0 = Release|Any CPU
		{9A71ACAA-679A-47C8-A3D1-8657CF2AFE62}.Release|iPhone.ActiveCfg = Release|Any CPU
		{9A71ACAA-679A-47C8-A3D1-8657CF2AFE62}.Release|iPhone.Build.0 = Release|Any CPU
		{9A71ACAA-679A-47C8-A3D1-8657CF2AFE62}.Release|iPhoneSimulator.ActiveCfg = Release|Any CPU
		{9A71ACAA-679A-47C8-A3D1-8657CF2AFE62}.Release|iPhoneSimulator.Build.0 = Release|Any CPU
		{D6059148-F8DD-4CFE-AAC5-F714C0272C4B}.Ad-Hoc|Any CPU.ActiveCfg = Release|Any CPU
		{D6059148-F8DD-4CFE-AAC5-F714C0272C4B}.Ad-Hoc|iPhone.ActiveCfg = Release|Any CPU
		{D6059148-F8DD-4CFE-AAC5-F714C0272C4B}.Ad-Hoc|iPhoneSimulator.ActiveCfg = Release|Any CPU
		{D6059148-F8DD-4CFE-AAC5-F714C0272C4B}.AppStore|Any CPU.ActiveCfg = Release|Any CPU
		{D6059148-F8DD-4CFE-AAC5-F714C0272C4B}.AppStore|iPhone.ActiveCfg = Release|Any CPU
		{D6059148-F8DD-4CFE-AAC5-F714C0272C4B}.AppStore|iPhoneSimulator.ActiveCfg = Release|Any CPU
		{D6059148-F8DD-4CFE-AAC5-F714C0272C4B}.Debug|Any CPU.ActiveCfg = Debug|Any CPU
		{D6059148-F8DD-4CFE-AAC5-F714C0272C4B}.Debug|Any CPU.Build.0 = Debug|Any CPU
		{D6059148-F8DD-4CFE-AAC5-F714C0272C4B}.Debug|iPhone.ActiveCfg = Debug|Any CPU
		{D6059148-F8DD-4CFE-AAC5-F714C0272C4B}.Debug|iPhone.Build.0 = Debug|Any CPU
		{D6059148-F8DD-4CFE-AAC5-F714C0272C4B}.Debug|iPhoneSimulator.ActiveCfg = Debug|Any CPU
		{D6059148-F8DD-4CFE-AAC5-F714C0272C4B}.Debug|iPhoneSimulator.Build.0 = Debug|Any CPU
		{D6059148-F8DD-4CFE-AAC5-F714C0272C4B}.Release|Any CPU.ActiveCfg = Release|Any CPU
		{D6059148-F8DD-4CFE-AAC5-F714C0272C4B}.Release|Any CPU.Build.0 = Release|Any CPU
		{D6059148-F8DD-4CFE-AAC5-F714C0272C4B}.Release|iPhone.ActiveCfg = Release|Any CPU
		{D6059148-F8DD-4CFE-AAC5-F714C0272C4B}.Release|iPhone.Build.0 = Release|Any CPU
		{D6059148-F8DD-4CFE-AAC5-F714C0272C4B}.Release|iPhoneSimulator.ActiveCfg = Release|Any CPU
		{D6059148-F8DD-4CFE-AAC5-F714C0272C4B}.Release|iPhoneSimulator.Build.0 = Release|Any CPU
		{0E53A419-020C-4D3F-BE6F-0C2D8308EA57}.Ad-Hoc|Any CPU.ActiveCfg = Release|Any CPU
		{0E53A419-020C-4D3F-BE6F-0C2D8308EA57}.Ad-Hoc|Any CPU.Build.0 = Release|Any CPU
		{0E53A419-020C-4D3F-BE6F-0C2D8308EA57}.Ad-Hoc|iPhone.ActiveCfg = Release|Any CPU
		{0E53A419-020C-4D3F-BE6F-0C2D8308EA57}.Ad-Hoc|iPhone.Build.0 = Release|Any CPU
		{0E53A419-020C-4D3F-BE6F-0C2D8308EA57}.Ad-Hoc|iPhoneSimulator.ActiveCfg = Release|Any CPU
		{0E53A419-020C-4D3F-BE6F-0C2D8308EA57}.Ad-Hoc|iPhoneSimulator.Build.0 = Release|Any CPU
		{0E53A419-020C-4D3F-BE6F-0C2D8308EA57}.AppStore|Any CPU.ActiveCfg = Release|Any CPU
		{0E53A419-020C-4D3F-BE6F-0C2D8308EA57}.AppStore|Any CPU.Build.0 = Release|Any CPU
		{0E53A419-020C-4D3F-BE6F-0C2D8308EA57}.AppStore|iPhone.ActiveCfg = Release|Any CPU
		{0E53A419-020C-4D3F-BE6F-0C2D8308EA57}.AppStore|iPhone.Build.0 = Release|Any CPU
		{0E53A419-020C-4D3F-BE6F-0C2D8308EA57}.AppStore|iPhoneSimulator.ActiveCfg = Release|Any CPU
		{0E53A419-020C-4D3F-BE6F-0C2D8308EA57}.AppStore|iPhoneSimulator.Build.0 = Release|Any CPU
		{0E53A419-020C-4D3F-BE6F-0C2D8308EA57}.Debug|Any CPU.ActiveCfg = Debug|Any CPU
		{0E53A419-020C-4D3F-BE6F-0C2D8308EA57}.Debug|Any CPU.Build.0 = Debug|Any CPU
		{0E53A419-020C-4D3F-BE6F-0C2D8308EA57}.Debug|iPhone.ActiveCfg = Debug|Any CPU
		{0E53A419-020C-4D3F-BE6F-0C2D8308EA57}.Debug|iPhone.Build.0 = Debug|Any CPU
		{0E53A419-020C-4D3F-BE6F-0C2D8308EA57}.Debug|iPhoneSimulator.ActiveCfg = Debug|Any CPU
		{0E53A419-020C-4D3F-BE6F-0C2D8308EA57}.Debug|iPhoneSimulator.Build.0 = Debug|Any CPU
		{0E53A419-020C-4D3F-BE6F-0C2D8308EA57}.Release|Any CPU.ActiveCfg = Release|Any CPU
		{0E53A419-020C-4D3F-BE6F-0C2D8308EA57}.Release|Any CPU.Build.0 = Release|Any CPU
		{0E53A419-020C-4D3F-BE6F-0C2D8308EA57}.Release|iPhone.ActiveCfg = Release|Any CPU
		{0E53A419-020C-4D3F-BE6F-0C2D8308EA57}.Release|iPhone.Build.0 = Release|Any CPU
		{0E53A419-020C-4D3F-BE6F-0C2D8308EA57}.Release|iPhoneSimulator.ActiveCfg = Release|Any CPU
		{0E53A419-020C-4D3F-BE6F-0C2D8308EA57}.Release|iPhoneSimulator.Build.0 = Release|Any CPU
		{5924E8CA-1A0F-42E6-92F3-F8A9C817AAD4}.Ad-Hoc|Any CPU.ActiveCfg = Release|Any CPU
		{5924E8CA-1A0F-42E6-92F3-F8A9C817AAD4}.Ad-Hoc|Any CPU.Build.0 = Release|Any CPU
		{5924E8CA-1A0F-42E6-92F3-F8A9C817AAD4}.Ad-Hoc|iPhone.ActiveCfg = Release|Any CPU
		{5924E8CA-1A0F-42E6-92F3-F8A9C817AAD4}.Ad-Hoc|iPhone.Build.0 = Release|Any CPU
		{5924E8CA-1A0F-42E6-92F3-F8A9C817AAD4}.Ad-Hoc|iPhoneSimulator.ActiveCfg = Release|Any CPU
		{5924E8CA-1A0F-42E6-92F3-F8A9C817AAD4}.Ad-Hoc|iPhoneSimulator.Build.0 = Release|Any CPU
		{5924E8CA-1A0F-42E6-92F3-F8A9C817AAD4}.AppStore|Any CPU.ActiveCfg = Release|Any CPU
		{5924E8CA-1A0F-42E6-92F3-F8A9C817AAD4}.AppStore|Any CPU.Build.0 = Release|Any CPU
		{5924E8CA-1A0F-42E6-92F3-F8A9C817AAD4}.AppStore|iPhone.ActiveCfg = Release|Any CPU
		{5924E8CA-1A0F-42E6-92F3-F8A9C817AAD4}.AppStore|iPhone.Build.0 = Release|Any CPU
		{5924E8CA-1A0F-42E6-92F3-F8A9C817AAD4}.AppStore|iPhoneSimulator.ActiveCfg = Release|Any CPU
		{5924E8CA-1A0F-42E6-92F3-F8A9C817AAD4}.AppStore|iPhoneSimulator.Build.0 = Release|Any CPU
		{5924E8CA-1A0F-42E6-92F3-F8A9C817AAD4}.Debug|Any CPU.ActiveCfg = Debug|Any CPU
		{5924E8CA-1A0F-42E6-92F3-F8A9C817AAD4}.Debug|Any CPU.Build.0 = Debug|Any CPU
		{5924E8CA-1A0F-42E6-92F3-F8A9C817AAD4}.Debug|iPhone.ActiveCfg = Debug|Any CPU
		{5924E8CA-1A0F-42E6-92F3-F8A9C817AAD4}.Debug|iPhone.Build.0 = Debug|Any CPU
		{5924E8CA-1A0F-42E6-92F3-F8A9C817AAD4}.Debug|iPhoneSimulator.ActiveCfg = Debug|Any CPU
		{5924E8CA-1A0F-42E6-92F3-F8A9C817AAD4}.Debug|iPhoneSimulator.Build.0 = Debug|Any CPU
		{5924E8CA-1A0F-42E6-92F3-F8A9C817AAD4}.Release|Any CPU.ActiveCfg = Release|Any CPU
		{5924E8CA-1A0F-42E6-92F3-F8A9C817AAD4}.Release|Any CPU.Build.0 = Release|Any CPU
		{5924E8CA-1A0F-42E6-92F3-F8A9C817AAD4}.Release|iPhone.ActiveCfg = Release|Any CPU
		{5924E8CA-1A0F-42E6-92F3-F8A9C817AAD4}.Release|iPhone.Build.0 = Release|Any CPU
		{5924E8CA-1A0F-42E6-92F3-F8A9C817AAD4}.Release|iPhoneSimulator.ActiveCfg = Release|Any CPU
		{5924E8CA-1A0F-42E6-92F3-F8A9C817AAD4}.Release|iPhoneSimulator.Build.0 = Release|Any CPU
		{0F58F80E-B664-4B30-B25A-2F4FB0E47BEC}.Ad-Hoc|Any CPU.ActiveCfg = Release|Any CPU
		{0F58F80E-B664-4B30-B25A-2F4FB0E47BEC}.Ad-Hoc|Any CPU.Build.0 = Release|Any CPU
		{0F58F80E-B664-4B30-B25A-2F4FB0E47BEC}.Ad-Hoc|iPhone.ActiveCfg = Release|Any CPU
		{0F58F80E-B664-4B30-B25A-2F4FB0E47BEC}.Ad-Hoc|iPhone.Build.0 = Release|Any CPU
		{0F58F80E-B664-4B30-B25A-2F4FB0E47BEC}.Ad-Hoc|iPhoneSimulator.ActiveCfg = Release|Any CPU
		{0F58F80E-B664-4B30-B25A-2F4FB0E47BEC}.Ad-Hoc|iPhoneSimulator.Build.0 = Release|Any CPU
		{0F58F80E-B664-4B30-B25A-2F4FB0E47BEC}.AppStore|Any CPU.ActiveCfg = Release|Any CPU
		{0F58F80E-B664-4B30-B25A-2F4FB0E47BEC}.AppStore|Any CPU.Build.0 = Release|Any CPU
		{0F58F80E-B664-4B30-B25A-2F4FB0E47BEC}.AppStore|iPhone.ActiveCfg = Release|Any CPU
		{0F58F80E-B664-4B30-B25A-2F4FB0E47BEC}.AppStore|iPhone.Build.0 = Release|Any CPU
		{0F58F80E-B664-4B30-B25A-2F4FB0E47BEC}.AppStore|iPhoneSimulator.ActiveCfg = Release|Any CPU
		{0F58F80E-B664-4B30-B25A-2F4FB0E47BEC}.AppStore|iPhoneSimulator.Build.0 = Release|Any CPU
		{0F58F80E-B664-4B30-B25A-2F4FB0E47BEC}.Debug|Any CPU.ActiveCfg = Debug|Any CPU
		{0F58F80E-B664-4B30-B25A-2F4FB0E47BEC}.Debug|Any CPU.Build.0 = Debug|Any CPU
		{0F58F80E-B664-4B30-B25A-2F4FB0E47BEC}.Debug|iPhone.ActiveCfg = Debug|Any CPU
		{0F58F80E-B664-4B30-B25A-2F4FB0E47BEC}.Debug|iPhone.Build.0 = Debug|Any CPU
		{0F58F80E-B664-4B30-B25A-2F4FB0E47BEC}.Debug|iPhoneSimulator.ActiveCfg = Debug|Any CPU
		{0F58F80E-B664-4B30-B25A-2F4FB0E47BEC}.Debug|iPhoneSimulator.Build.0 = Debug|Any CPU
		{0F58F80E-B664-4B30-B25A-2F4FB0E47BEC}.Release|Any CPU.ActiveCfg = Release|Any CPU
		{0F58F80E-B664-4B30-B25A-2F4FB0E47BEC}.Release|Any CPU.Build.0 = Release|Any CPU
		{0F58F80E-B664-4B30-B25A-2F4FB0E47BEC}.Release|iPhone.ActiveCfg = Release|Any CPU
		{0F58F80E-B664-4B30-B25A-2F4FB0E47BEC}.Release|iPhone.Build.0 = Release|Any CPU
		{0F58F80E-B664-4B30-B25A-2F4FB0E47BEC}.Release|iPhoneSimulator.ActiveCfg = Release|Any CPU
		{0F58F80E-B664-4B30-B25A-2F4FB0E47BEC}.Release|iPhoneSimulator.Build.0 = Release|Any CPU
		{005A8508-82A1-4CD5-8FE1-A1E77796875C}.Ad-Hoc|Any CPU.ActiveCfg = Ad-Hoc|iPhone
		{005A8508-82A1-4CD5-8FE1-A1E77796875C}.Ad-Hoc|iPhone.ActiveCfg = Ad-Hoc|iPhone
		{005A8508-82A1-4CD5-8FE1-A1E77796875C}.Ad-Hoc|iPhone.Build.0 = Ad-Hoc|iPhone
		{005A8508-82A1-4CD5-8FE1-A1E77796875C}.Ad-Hoc|iPhoneSimulator.ActiveCfg = Ad-Hoc|iPhoneSimulator
		{005A8508-82A1-4CD5-8FE1-A1E77796875C}.Ad-Hoc|iPhoneSimulator.Build.0 = Ad-Hoc|iPhoneSimulator
		{005A8508-82A1-4CD5-8FE1-A1E77796875C}.AppStore|Any CPU.ActiveCfg = AppStore|iPhone
		{005A8508-82A1-4CD5-8FE1-A1E77796875C}.AppStore|iPhone.ActiveCfg = AppStore|iPhone
		{005A8508-82A1-4CD5-8FE1-A1E77796875C}.AppStore|iPhone.Build.0 = AppStore|iPhone
		{005A8508-82A1-4CD5-8FE1-A1E77796875C}.AppStore|iPhoneSimulator.ActiveCfg = AppStore|iPhoneSimulator
		{005A8508-82A1-4CD5-8FE1-A1E77796875C}.AppStore|iPhoneSimulator.Build.0 = AppStore|iPhoneSimulator
		{005A8508-82A1-4CD5-8FE1-A1E77796875C}.Debug|Any CPU.ActiveCfg = Debug|iPhone
		{005A8508-82A1-4CD5-8FE1-A1E77796875C}.Debug|iPhone.ActiveCfg = Debug|iPhone
		{005A8508-82A1-4CD5-8FE1-A1E77796875C}.Debug|iPhone.Build.0 = Debug|iPhone
		{005A8508-82A1-4CD5-8FE1-A1E77796875C}.Debug|iPhoneSimulator.ActiveCfg = Debug|iPhoneSimulator
		{005A8508-82A1-4CD5-8FE1-A1E77796875C}.Debug|iPhoneSimulator.Build.0 = Debug|iPhoneSimulator
		{005A8508-82A1-4CD5-8FE1-A1E77796875C}.Release|Any CPU.ActiveCfg = Release|iPhone
		{005A8508-82A1-4CD5-8FE1-A1E77796875C}.Release|iPhone.ActiveCfg = Release|iPhone
		{005A8508-82A1-4CD5-8FE1-A1E77796875C}.Release|iPhone.Build.0 = Release|iPhone
		{005A8508-82A1-4CD5-8FE1-A1E77796875C}.Release|iPhoneSimulator.ActiveCfg = Release|iPhoneSimulator
		{005A8508-82A1-4CD5-8FE1-A1E77796875C}.Release|iPhoneSimulator.Build.0 = Release|iPhoneSimulator
		{402ECA89-240B-4083-944B-213BD1D7E1BE}.Ad-Hoc|Any CPU.ActiveCfg = Release|Any CPU
		{402ECA89-240B-4083-944B-213BD1D7E1BE}.Ad-Hoc|Any CPU.Build.0 = Release|Any CPU
		{402ECA89-240B-4083-944B-213BD1D7E1BE}.Ad-Hoc|iPhone.ActiveCfg = Release|Any CPU
		{402ECA89-240B-4083-944B-213BD1D7E1BE}.Ad-Hoc|iPhone.Build.0 = Release|Any CPU
		{402ECA89-240B-4083-944B-213BD1D7E1BE}.Ad-Hoc|iPhoneSimulator.ActiveCfg = Release|Any CPU
		{402ECA89-240B-4083-944B-213BD1D7E1BE}.Ad-Hoc|iPhoneSimulator.Build.0 = Release|Any CPU
		{402ECA89-240B-4083-944B-213BD1D7E1BE}.AppStore|Any CPU.ActiveCfg = Release|Any CPU
		{402ECA89-240B-4083-944B-213BD1D7E1BE}.AppStore|Any CPU.Build.0 = Release|Any CPU
		{402ECA89-240B-4083-944B-213BD1D7E1BE}.AppStore|iPhone.ActiveCfg = Release|Any CPU
		{402ECA89-240B-4083-944B-213BD1D7E1BE}.AppStore|iPhone.Build.0 = Release|Any CPU
		{402ECA89-240B-4083-944B-213BD1D7E1BE}.AppStore|iPhoneSimulator.ActiveCfg = Release|Any CPU
		{402ECA89-240B-4083-944B-213BD1D7E1BE}.AppStore|iPhoneSimulator.Build.0 = Release|Any CPU
		{402ECA89-240B-4083-944B-213BD1D7E1BE}.Debug|Any CPU.ActiveCfg = Debug|Any CPU
		{402ECA89-240B-4083-944B-213BD1D7E1BE}.Debug|Any CPU.Build.0 = Debug|Any CPU
		{402ECA89-240B-4083-944B-213BD1D7E1BE}.Debug|iPhone.ActiveCfg = Debug|Any CPU
		{402ECA89-240B-4083-944B-213BD1D7E1BE}.Debug|iPhone.Build.0 = Debug|Any CPU
		{402ECA89-240B-4083-944B-213BD1D7E1BE}.Debug|iPhoneSimulator.ActiveCfg = Debug|Any CPU
		{402ECA89-240B-4083-944B-213BD1D7E1BE}.Debug|iPhoneSimulator.Build.0 = Debug|Any CPU
		{402ECA89-240B-4083-944B-213BD1D7E1BE}.Release|Any CPU.ActiveCfg = Release|Any CPU
		{402ECA89-240B-4083-944B-213BD1D7E1BE}.Release|Any CPU.Build.0 = Release|Any CPU
		{402ECA89-240B-4083-944B-213BD1D7E1BE}.Release|iPhone.ActiveCfg = Release|Any CPU
		{402ECA89-240B-4083-944B-213BD1D7E1BE}.Release|iPhone.Build.0 = Release|Any CPU
		{402ECA89-240B-4083-944B-213BD1D7E1BE}.Release|iPhoneSimulator.ActiveCfg = Release|Any CPU
		{402ECA89-240B-4083-944B-213BD1D7E1BE}.Release|iPhoneSimulator.Build.0 = Release|Any CPU
		{C0358A84-BC65-4730-82AB-E65C1302E955}.Ad-Hoc|Any CPU.ActiveCfg = Release|iPhone
		{C0358A84-BC65-4730-82AB-E65C1302E955}.Ad-Hoc|Any CPU.Build.0 = Release|iPhone
		{C0358A84-BC65-4730-82AB-E65C1302E955}.Ad-Hoc|iPhone.ActiveCfg = Release|iPhone
		{C0358A84-BC65-4730-82AB-E65C1302E955}.Ad-Hoc|iPhone.Build.0 = Release|iPhone
		{C0358A84-BC65-4730-82AB-E65C1302E955}.Ad-Hoc|iPhoneSimulator.ActiveCfg = Release|iPhoneSimulator
		{C0358A84-BC65-4730-82AB-E65C1302E955}.Ad-Hoc|iPhoneSimulator.Build.0 = Release|iPhoneSimulator
		{C0358A84-BC65-4730-82AB-E65C1302E955}.AppStore|Any CPU.ActiveCfg = Release|iPhone
		{C0358A84-BC65-4730-82AB-E65C1302E955}.AppStore|Any CPU.Build.0 = Release|iPhone
		{C0358A84-BC65-4730-82AB-E65C1302E955}.AppStore|iPhone.ActiveCfg = Release|iPhone
		{C0358A84-BC65-4730-82AB-E65C1302E955}.AppStore|iPhone.Build.0 = Release|iPhone
		{C0358A84-BC65-4730-82AB-E65C1302E955}.AppStore|iPhoneSimulator.ActiveCfg = Release|iPhoneSimulator
		{C0358A84-BC65-4730-82AB-E65C1302E955}.AppStore|iPhoneSimulator.Build.0 = Release|iPhoneSimulator
		{C0358A84-BC65-4730-82AB-E65C1302E955}.Debug|Any CPU.ActiveCfg = Debug|iPhone
		{C0358A84-BC65-4730-82AB-E65C1302E955}.Debug|iPhone.ActiveCfg = Debug|iPhone
		{C0358A84-BC65-4730-82AB-E65C1302E955}.Debug|iPhone.Build.0 = Debug|iPhone
		{C0358A84-BC65-4730-82AB-E65C1302E955}.Debug|iPhoneSimulator.ActiveCfg = Debug|iPhoneSimulator
		{C0358A84-BC65-4730-82AB-E65C1302E955}.Debug|iPhoneSimulator.Build.0 = Debug|iPhoneSimulator
		{C0358A84-BC65-4730-82AB-E65C1302E955}.Release|Any CPU.ActiveCfg = Release|iPhone
		{C0358A84-BC65-4730-82AB-E65C1302E955}.Release|iPhone.ActiveCfg = Release|iPhone
		{C0358A84-BC65-4730-82AB-E65C1302E955}.Release|iPhone.Build.0 = Release|iPhone
		{C0358A84-BC65-4730-82AB-E65C1302E955}.Release|iPhoneSimulator.ActiveCfg = Release|iPhoneSimulator
		{C0358A84-BC65-4730-82AB-E65C1302E955}.Release|iPhoneSimulator.Build.0 = Release|iPhoneSimulator
	EndGlobalSection
	GlobalSection(SolutionProperties) = preSolution
		HideSolutionNode = FALSE
	EndGlobalSection
	GlobalSection(NestedProjects) = preSolution
		{BDACF1E6-BCCF-4410-B7BA-0D382D037550} = {3CFB11A3-FBAF-441A-B4EA-621E8E1D09FE}
		{7C9C6072-157D-4940-9404-F57C4BD31574} = {F3B637F2-7223-4F85-82BA-5AE2B9530030}
		{081D05FA-5CD8-45D1-849A-8C7ABC7607A5} = {88C82004-EF18-4070-8023-E51F66A37E68}
		{59921082-32E6-47E3-82C6-3F0BDEF3A479} = {88C82004-EF18-4070-8023-E51F66A37E68}
		{9A71ACAA-679A-47C8-A3D1-8657CF2AFE62} = {88C82004-EF18-4070-8023-E51F66A37E68}
		{D6059148-F8DD-4CFE-AAC5-F714C0272C4B} = {88C82004-EF18-4070-8023-E51F66A37E68}
		{0E53A419-020C-4D3F-BE6F-0C2D8308EA57} = {84E3BEFA-9ABD-4706-9B70-4EA1E7A5F9C1}
		{5924E8CA-1A0F-42E6-92F3-F8A9C817AAD4} = {84E3BEFA-9ABD-4706-9B70-4EA1E7A5F9C1}
		{0F58F80E-B664-4B30-B25A-2F4FB0E47BEC} = {C72FE9DD-76D8-4675-BEBE-6B849A37942B}
		{005A8508-82A1-4CD5-8FE1-A1E77796875C} = {C72FE9DD-76D8-4675-BEBE-6B849A37942B}
		{402ECA89-240B-4083-944B-213BD1D7E1BE} = {EA82F522-95E6-49A2-B0F7-A5D375448B5B}
		{C0358A84-BC65-4730-82AB-E65C1302E955} = {EA82F522-95E6-49A2-B0F7-A5D375448B5B}
	EndGlobalSection
EndGlobal
